# THIS IS AN AUTOGENERATED FILE. DO NOT EDIT THIS FILE DIRECTLY.
# yarn lockfile v1


two.js@0.8.10:
  version "0.8.10"
  resolved "https://registry.yarnpkg.com/two.js/-/two.js-0.8.10.tgz#d01f8bb1c9401f850730a79abb9784b900ccde0b"
  integrity sha512-Rg0jn1n/0MWdDBrW47L245GWlWpbWlJ3Cv8xFlP05pSFqUT0Wn6w4yaOcxUCzAJQGRGdtmXOW3UI2W0LEEUD9Q==
